
Microsoft Visual Studio Solution File, Format Version 12.00
# Visual Studio Version 16
VisualStudioVersion = 16.0.31205.134
MinimumVisualStudioVersion = 10.0.40219.1
Project("{2150E333-8FDC-42A3-9474-1A3956D46DE8}") = "0.1 - Presentation", "0.1 - Presentation", "{DA6351CB-D5CB-4E75-BDF4-2D0271CF0946}"
EndProject
Project("{9A19103F-16F7-4668-BE54-9A1E7A4F7556}") = "GlobalWeb.API", "0.1 - Presentation\GlobalWeb.API\GlobalWeb.API.csproj", "{E00A25C8-D0BC-456F-A107-D179D5CAA503}"
EndProject
Project("{2150E333-8FDC-42A3-9474-1A3956D46DE8}") = "0.5 - Test", "0.5 - Test", "{D55A59B7-1F50-4B56-B828-7062305896D9}"
EndProject
Project("{2150E333-8FDC-42A3-9474-1A3956D46DE8}") = "0.2 - Application", "0.2 - Application", "{2B13355A-8106-4A24-AA55-98F0C0C71C05}"
EndProject
Project("{2150E333-8FDC-42A3-9474-1A3956D46DE8}") = "0.3 - Domain", "0.3 - Domain", "{44EAB5B2-0353-4869-810A-BF6B1ADBCA46}"
EndProject
Project("{2150E333-8FDC-42A3-9474-1A3956D46DE8}") = "0.4 - Infra", "0.4 - Infra", "{CE3390D2-7B61-47EC-B4DB-BD5AF413851A}"
EndProject
Project("{9A19103F-16F7-4668-BE54-9A1E7A4F7556}") = "GlobalWeb.Application", "0.2 - Application\GlobalWeb.Application\GlobalWeb.Application.csproj", "{B4979E2F-8A2A-4CB7-9007-6981EEB480A6}"
EndProject
Project("{9A19103F-16F7-4668-BE54-9A1E7A4F7556}") = "GlobalWeb.Domain", "0.3 - Domain\GlobalWeb.Domain\GlobalWeb.Domain.csproj", "{61C1463A-FF31-4D0A-881C-FAC398FC6DBF}"
EndProject
Project("{2150E333-8FDC-42A3-9474-1A3956D46DE8}") = "4.1 - Data", "4.1 - Data", "{ECE19F4E-FF67-4132-9FAE-2145B680E357}"
EndProject
Project("{2150E333-8FDC-42A3-9474-1A3956D46DE8}") = "4.4 - Middleware", "4.4 - Middleware", "{3E9E16BF-23A3-44C5-9EA6-C525D7ED3760}"
EndProject
Project("{9A19103F-16F7-4668-BE54-9A1E7A4F7556}") = "GlobalWeb.Infra.Data", "0.4 - Infra\4.1 - Data\GlobalWeb.Infra.Data\GlobalWeb.Infra.Data.csproj", "{D9E4780C-D3B1-4844-AB78-1609FEF9D644}"
EndProject
Project("{9A19103F-16F7-4668-BE54-9A1E7A4F7556}") = "GlobalWeb.Test", "0.5 - Test\GlobalWeb.Test\GlobalWeb.Test.csproj", "{9A309F80-351D-4EF5-967E-02DEA66A2B13}"
EndProject
Project("{2150E333-8FDC-42A3-9474-1A3956D46DE8}") = "4.2 - Repository", "4.2 - Repository", "{2F9286D4-39B4-4D64-AC3A-A0E19FD9DD14}"
EndProject
Project("{9A19103F-16F7-4668-BE54-9A1E7A4F7556}") = "GlobalWeb.Infra.Repository", "0.4 - Infra\4.2 - Repository\GlobalWeb.Infra.Repository\GlobalWeb.Infra.Repository.csproj", "{CCB48866-82D4-4000-A085-2E4121D9C026}"
EndProject
Project("{9A19103F-16F7-4668-BE54-9A1E7A4F7556}") = "GlobalWeb.Infra.Middleware", "0.4 - Infra\4.4 - Middleware\GlobalWeb.Infra.Middleware\GlobalWeb.Infra.Middleware.csproj", "{FD79BEB6-FB88-47B4-9914-2CD34F42E516}"
EndProject
Project("{2150E333-8FDC-42A3-9474-1A3956D46DE8}") = "4.3 - CrossCutting", "4.3 - CrossCutting", "{5066B961-49BE-41C3-9213-15AD76ED7620}"
EndProject
Project("{FAE04EC0-301F-11D3-BF4B-00C04F79EFBC}") = "GlobalWeb.Infra.CrossCutting.IoC", "0.4 - Infra\4.3 - CrossCutting\GlobalWeb.Infra.CrossCutting.IoC\GlobalWeb.Infra.CrossCutting.IoC.csproj", "{5FEDD3CC-385D-4DE6-83B1-E9E99634E5EF}"
EndProject
Global
	GlobalSection(SolutionConfigurationPlatforms) = preSolution
		Debug|Any CPU = Debug|Any CPU
		Release|Any CPU = Release|Any CPU
	EndGlobalSection
	GlobalSection(ProjectConfigurationPlatforms) = postSolution
		{E00A25C8-D0BC-456F-A107-D179D5CAA503}.Debug|Any CPU.ActiveCfg = Debug|Any CPU
		{E00A25C8-D0BC-456F-A107-D179D5CAA503}.Debug|Any CPU.Build.0 = Debug|Any CPU
		{E00A25C8-D0BC-456F-A107-D179D5CAA503}.Release|Any CPU.ActiveCfg = Release|Any CPU
		{E00A25C8-D0BC-456F-A107-D179D5CAA503}.Release|Any CPU.Build.0 = Release|Any CPU
		{B4979E2F-8A2A-4CB7-9007-6981EEB480A6}.Debug|Any CPU.ActiveCfg = Debug|Any CPU
		{B4979E2F-8A2A-4CB7-9007-6981EEB480A6}.Debug|Any CPU.Build.0 = Debug|Any CPU
		{B4979E2F-8A2A-4CB7-9007-6981EEB480A6}.Release|Any CPU.ActiveCfg = Release|Any CPU
		{B4979E2F-8A2A-4CB7-9007-6981EEB480A6}.Release|Any CPU.Build.0 = Release|Any CPU
		{61C1463A-FF31-4D0A-881C-FAC398FC6DBF}.Debug|Any CPU.ActiveCfg = Debug|Any CPU
		{61C1463A-FF31-4D0A-881C-FAC398FC6DBF}.Debug|Any CPU.Build.0 = Debug|Any CPU
		{61C1463A-FF31-4D0A-881C-FAC398FC6DBF}.Release|Any CPU.ActiveCfg = Release|Any CPU
		{61C1463A-FF31-4D0A-881C-FAC398FC6DBF}.Release|Any CPU.Build.0 = Release|Any CPU
		{D9E4780C-D3B1-4844-AB78-1609FEF9D644}.Debug|Any CPU.ActiveCfg = Debug|Any CPU
		{D9E4780C-D3B1-4844-AB78-1609FEF9D644}.Debug|Any CPU.Build.0 = Debug|Any CPU
		{D9E4780C-D3B1-4844-AB78-1609FEF9D644}.Release|Any CPU.ActiveCfg = Release|Any CPU
		{D9E4780C-D3B1-4844-AB78-1609FEF9D644}.Release|Any CPU.Build.0 = Release|Any CPU
		{9A309F80-351D-4EF5-967E-02DEA66A2B13}.Debug|Any CPU.ActiveCfg = Debug|Any CPU
		{9A309F80-351D-4EF5-967E-02DEA66A2B13}.Debug|Any CPU.Build.0 = Debug|Any CPU
		{9A309F80-351D-4EF5-967E-02DEA66A2B13}.Release|Any CPU.ActiveCfg = Release|Any CPU
		{9A309F80-351D-4EF5-967E-02DEA66A2B13}.Release|Any CPU.Build.0 = Release|Any CPU
		{CCB48866-82D4-4000-A085-2E4121D9C026}.Debug|Any CPU.ActiveCfg = Debug|Any CPU
		{CCB48866-82D4-4000-A085-2E4121D9C026}.Debug|Any CPU.Build.0 = Debug|Any CPU
		{CCB48866-82D4-4000-A085-2E4121D9C026}.Release|Any CPU.ActiveCfg = Release|Any CPU
		{CCB48866-82D4-4000-A085-2E4121D9C026}.Release|Any CPU.Build.0 = Release|Any CPU
		{FD79BEB6-FB88-47B4-9914-2CD34F42E516}.Debug|Any CPU.ActiveCfg = Debug|Any CPU
		{FD79BEB6-FB88-47B4-9914-2CD34F42E516}.Debug|Any CPU.Build.0 = Debug|Any CPU
		{FD79BEB6-FB88-47B4-9914-2CD34F42E516}.Release|Any CPU.ActiveCfg = Release|Any CPU
		{FD79BEB6-FB88-47B4-9914-2CD34F42E516}.Release|Any CPU.Build.0 = Release|Any CPU
		{5FEDD3CC-385D-4DE6-83B1-E9E99634E5EF}.Debug|Any CPU.ActiveCfg = Debug|Any CPU
		{5FEDD3CC-385D-4DE6-83B1-E9E99634E5EF}.Debug|Any CPU.Build.0 = Debug|Any CPU
		{5FEDD3CC-385D-4DE6-83B1-E9E99634E5EF}.Release|Any CPU.ActiveCfg = Release|Any CPU
		{5FEDD3CC-385D-4DE6-83B1-E9E99634E5EF}.Release|Any CPU.Build.0 = Release|Any CPU
	EndGlobalSection
	GlobalSection(SolutionProperties) = preSolution
		HideSolutionNode = FALSE
	EndGlobalSection
	GlobalSection(NestedProjects) = preSolution
		{E00A25C8-D0BC-456F-A107-D179D5CAA503} = {DA6351CB-D5CB-4E75-BDF4-2D0271CF0946}
		{B4979E2F-8A2A-4CB7-9007-6981EEB480A6} = {2B13355A-8106-4A24-AA55-98F0C0C71C05}
		{61C1463A-FF31-4D0A-881C-FAC398FC6DBF} = {44EAB5B2-0353-4869-810A-BF6B1ADBCA46}
		{ECE19F4E-FF67-4132-9FAE-2145B680E357} = {CE3390D2-7B61-47EC-B4DB-BD5AF413851A}
		{3E9E16BF-23A3-44C5-9EA6-C525D7ED3760} = {CE3390D2-7B61-47EC-B4DB-BD5AF413851A}
		{D9E4780C-D3B1-4844-AB78-1609FEF9D644} = {ECE19F4E-FF67-4132-9FAE-2145B680E357}
		{9A309F80-351D-4EF5-967E-02DEA66A2B13} = {D55A59B7-1F50-4B56-B828-7062305896D9}
		{2F9286D4-39B4-4D64-AC3A-A0E19FD9DD14} = {CE3390D2-7B61-47EC-B4DB-BD5AF413851A}
		{CCB48866-82D4-4000-A085-2E4121D9C026} = {2F9286D4-39B4-4D64-AC3A-A0E19FD9DD14}
		{FD79BEB6-FB88-47B4-9914-2CD34F42E516} = {3E9E16BF-23A3-44C5-9EA6-C525D7ED3760}
		{5066B961-49BE-41C3-9213-15AD76ED7620} = {CE3390D2-7B61-47EC-B4DB-BD5AF413851A}
		{5FEDD3CC-385D-4DE6-83B1-E9E99634E5EF} = {5066B961-49BE-41C3-9213-15AD76ED7620}
	EndGlobalSection
	GlobalSection(ExtensibilityGlobals) = postSolution
		SolutionGuid = {6A7EA291-98F7-4C6E-AE3C-A293968B182B}
	EndGlobalSection
EndGlobal
